// !$*UTF8*$!
{
	archiveVersion = 1;
	classes = {
	};
	objectVersion = 46;
	objects = {

/* Begin PBXBuildFile section */
		3EB16D0F1B0DAF860014A78D /* AppDelegate.swift in Sources */ = {isa = PBXBuildFile; fileRef = 3EB16D0E1B0DAF860014A78D /* AppDelegate.swift */; };
		3EB16D111B0DAF860014A78D /* ViewController.swift in Sources */ = {isa = PBXBuildFile; fileRef = 3EB16D101B0DAF860014A78D /* ViewController.swift */; };
		3EB16D141B0DAF860014A78D /* Main.storyboard in Resources */ = {isa = PBXBuildFile; fileRef = 3EB16D121B0DAF860014A78D /* Main.storyboard */; };
		3EB16D161B0DAF860014A78D /* Images.xcassets in Resources */ = {isa = PBXBuildFile; fileRef = 3EB16D151B0DAF860014A78D /* Images.xcassets */; };
		3EB16D191B0DAF860014A78D /* LaunchScreen.xib in Resources */ = {isa = PBXBuildFile; fileRef = 3EB16D171B0DAF860014A78D /* LaunchScreen.xib */; };
		3EB16D251B0DAF860014A78D /* ShinpuruImageTests.swift in Sources */ = {isa = PBXBuildFile; fileRef = 3EB16D241B0DAF860014A78D /* ShinpuruImageTests.swift */; };
		3EB16D301B0DAF9E0014A78D /* ShinpuruImage_vImage.swift in Sources */ = {isa = PBXBuildFile; fileRef = 3EB16D2F1B0DAF9E0014A78D /* ShinpuruImage_vImage.swift */; };
		3EB16D331B0DB0010014A78D /* image.jpg in Resources */ = {isa = PBXBuildFile; fileRef = 3EB16D321B0DB0010014A78D /* image.jpg */; };
		3EB16D391B183E3E0014A78D /* ShinpuruImage_Chaining.swift in Sources */ = {isa = PBXBuildFile; fileRef = 3EB16D381B183E3E0014A78D /* ShinpuruImage_Chaining.swift */; };
		3EB16D3A1B183F230014A78D /* ShinpuruImage_Chaining.swift in Sources */ = {isa = PBXBuildFile; fileRef = 3EB16D381B183E3E0014A78D /* ShinpuruImage_Chaining.swift */; };
		BE98BAFD1B12142C009F1D9F /* Charts.framework in Frameworks */ = {isa = PBXBuildFile; fileRef = BE98BAFC1B12141E009F1D9F /* Charts.framework */; };
		BE98BAFE1B12142C009F1D9F /* Charts.framework in Embed Frameworks */ = {isa = PBXBuildFile; fileRef = BE98BAFC1B12141E009F1D9F /* Charts.framework */; settings = {ATTRIBUTES = (CodeSignOnCopy, RemoveHeadersOnCopy, ); }; };
		BE98BB031B132BBF009F1D9F /* Histogram.swift in Sources */ = {isa = PBXBuildFile; fileRef = BE98BB021B132BBF009F1D9F /* Histogram.swift */; };
		BE98BB051B132D47009F1D9F /* glass.jpg in Resources */ = {isa = PBXBuildFile; fileRef = BE98BB041B132D47009F1D9F /* glass.jpg */; };
		BE98BB071B133832009F1D9F /* HistogramScreenShot.jpg in Resources */ = {isa = PBXBuildFile; fileRef = BE98BB061B133832009F1D9F /* HistogramScreenShot.jpg */; };
		BE98BB0A1B1C4FE0009F1D9F /* tram.jpg in Resources */ = {isa = PBXBuildFile; fileRef = BE98BB091B1C4FE0009F1D9F /* tram.jpg */; };
		BEF756A21B0E722D00B3B9B3 /* ShinpuruImage_CoreImage.swift in Sources */ = {isa = PBXBuildFile; fileRef = BEF756A11B0E722D00B3B9B3 /* ShinpuruImage_CoreImage.swift */; };
		BEF756A51B1019C400B3B9B3 /* oculista.jpg in Resources */ = {isa = PBXBuildFile; fileRef = BEF756A31B1019C400B3B9B3 /* oculista.jpg */; };
		BEF756A61B1019C400B3B9B3 /* vegas.jpg in Resources */ = {isa = PBXBuildFile; fileRef = BEF756A41B1019C400B3B9B3 /* vegas.jpg */; };
		BEF756AB1B102A0B00B3B9B3 /* oculista.jpg in Resources */ = {isa = PBXBuildFile; fileRef = BEF756A31B1019C400B3B9B3 /* oculista.jpg */; };
		BEF756AC1B102A2200B3B9B3 /* ShinpuruImage_vImage.swift in Sources */ = {isa = PBXBuildFile; fileRef = 3EB16D2F1B0DAF9E0014A78D /* ShinpuruImage_vImage.swift */; };
		BEF756AD1B102A8A00B3B9B3 /* ShinpuruImage_CoreImage.swift in Sources */ = {isa = PBXBuildFile; fileRef = BEF756A11B0E722D00B3B9B3 /* ShinpuruImage_CoreImage.swift */; };
		BEF756AE1B10306B00B3B9B3 /* image.jpg in Resources */ = {isa = PBXBuildFile; fileRef = 3EB16D321B0DB0010014A78D /* image.jpg */; };
		BEF756B21B103D6400B3B9B3 /* SLControls.swift in Sources */ = {isa = PBXBuildFile; fileRef = BEF756B01B103D6400B3B9B3 /* SLControls.swift */; };
		BEF756B31B103D6400B3B9B3 /* SLGroup.swift in Sources */ = {isa = PBXBuildFile; fileRef = BEF756B11B103D6400B3B9B3 /* SLGroup.swift */; };
		BEF756B71B10849300B3B9B3 /* LabelledSlider.swift in Sources */ = {isa = PBXBuildFile; fileRef = BEF756B61B10849300B3B9B3 /* LabelledSlider.swift */; };
		BEF756B91B10854B00B3B9B3 /* RotateAndScale.swift in Sources */ = {isa = PBXBuildFile; fileRef = BEF756B81B10854B00B3B9B3 /* RotateAndScale.swift */; };
		BEF756BB1B108F3300B3B9B3 /* ColorControls.swift in Sources */ = {isa = PBXBuildFile; fileRef = BEF756BA1B108F3300B3B9B3 /* ColorControls.swift */; };
		BEF756BD1B1093B200B3B9B3 /* shinpuruImageScreenShot.PNG in Resources */ = {isa = PBXBuildFile; fileRef = BEF756BC1B1093B200B3B9B3 /* shinpuruImageScreenShot.PNG */; };
/* End PBXBuildFile section */

/* Begin PBXContainerItemProxy section */
		3EB16D1F1B0DAF860014A78D /* PBXContainerItemProxy */ = {
			isa = PBXContainerItemProxy;
			containerPortal = 3EB16D011B0DAF860014A78D /* Project object */;
			proxyType = 1;
			remoteGlobalIDString = 3EB16D081B0DAF860014A78D;
			remoteInfo = ShinpuruImage;
		};
		BE98BAFB1B12141E009F1D9F /* PBXContainerItemProxy */ = {
			isa = PBXContainerItemProxy;
			containerPortal = BE98BAF71B12141E009F1D9F /* Charts.xcodeproj */;
			proxyType = 2;
			remoteGlobalIDString = 5BA8EC401A9D14DC00CE82E1;
			remoteInfo = Charts;
		};
		BE98BAFF1B12142C009F1D9F /* PBXContainerItemProxy */ = {
			isa = PBXContainerItemProxy;
			containerPortal = BE98BAF71B12141E009F1D9F /* Charts.xcodeproj */;
			proxyType = 1;
			remoteGlobalIDString = 5BA8EC3F1A9D14DC00CE82E1;
			remoteInfo = Charts;
		};
/* End PBXContainerItemProxy section */

/* Begin PBXCopyFilesBuildPhase section */
		BE98BAF61B11EE63009F1D9F /* Embed Frameworks */ = {
			isa = PBXCopyFilesBuildPhase;
			buildActionMask = 2147483647;
			dstPath = "";
			dstSubfolderSpec = 10;
			files = (
				BE98BAFE1B12142C009F1D9F /* Charts.framework in Embed Frameworks */,
			);
			name = "Embed Frameworks";
			runOnlyForDeploymentPostprocessing = 0;
		};
/* End PBXCopyFilesBuildPhase section */

/* Begin PBXFileReference section */
		3EB16D091B0DAF860014A78D /* ShinpuruImage.app */ = {isa = PBXFileReference; explicitFileType = wrapper.application; includeInIndex = 0; path = ShinpuruImage.app; sourceTree = BUILT_PRODUCTS_DIR; };
		3EB16D0D1B0DAF860014A78D /* Info.plist */ = {isa = PBXFileReference; lastKnownFileType = text.plist.xml; path = Info.plist; sourceTree = "<group>"; };
		3EB16D0E1B0DAF860014A78D /* AppDelegate.swift */ = {isa = PBXFileReference; lastKnownFileType = sourcecode.swift; path = AppDelegate.swift; sourceTree = "<group>"; };
		3EB16D101B0DAF860014A78D /* ViewController.swift */ = {isa = PBXFileReference; lastKnownFileType = sourcecode.swift; path = ViewController.swift; sourceTree = "<group>"; };
		3EB16D131B0DAF860014A78D /* Base */ = {isa = PBXFileReference; lastKnownFileType = file.storyboard; name = Base; path = Base.lproj/Main.storyboard; sourceTree = "<group>"; };
		3EB16D151B0DAF860014A78D /* Images.xcassets */ = {isa = PBXFileReference; lastKnownFileType = folder.assetcatalog; path = Images.xcassets; sourceTree = "<group>"; };
		3EB16D181B0DAF860014A78D /* Base */ = {isa = PBXFileReference; lastKnownFileType = file.xib; name = Base; path = Base.lproj/LaunchScreen.xib; sourceTree = "<group>"; };
		3EB16D1E1B0DAF860014A78D /* ShinpuruImageTests.xctest */ = {isa = PBXFileReference; explicitFileType = wrapper.cfbundle; includeInIndex = 0; path = ShinpuruImageTests.xctest; sourceTree = BUILT_PRODUCTS_DIR; };
		3EB16D231B0DAF860014A78D /* Info.plist */ = {isa = PBXFileReference; lastKnownFileType = text.plist.xml; path = Info.plist; sourceTree = "<group>"; };
		3EB16D241B0DAF860014A78D /* ShinpuruImageTests.swift */ = {isa = PBXFileReference; lastKnownFileType = sourcecode.swift; path = ShinpuruImageTests.swift; sourceTree = "<group>"; };
		3EB16D2F1B0DAF9E0014A78D /* ShinpuruImage_vImage.swift */ = {isa = PBXFileReference; fileEncoding = 4; lastKnownFileType = sourcecode.swift; path = ShinpuruImage_vImage.swift; sourceTree = "<group>"; };
		3EB16D321B0DB0010014A78D /* image.jpg */ = {isa = PBXFileReference; lastKnownFileType = image.jpeg; path = image.jpg; sourceTree = "<group>"; };
		3EB16D381B183E3E0014A78D /* ShinpuruImage_Chaining.swift */ = {isa = PBXFileReference; fileEncoding = 4; lastKnownFileType = sourcecode.swift; path = ShinpuruImage_Chaining.swift; sourceTree = "<group>"; };
		BE98BAF71B12141E009F1D9F /* Charts.xcodeproj */ = {isa = PBXFileReference; lastKnownFileType = "wrapper.pb-project"; name = Charts.xcodeproj; path = ShinpuruImage/Charts/Charts.xcodeproj; sourceTree = "<group>"; };
		BE98BB021B132BBF009F1D9F /* Histogram.swift */ = {isa = PBXFileReference; fileEncoding = 4; lastKnownFileType = sourcecode.swift; path = Histogram.swift; sourceTree = "<group>"; };
		BE98BB041B132D47009F1D9F /* glass.jpg */ = {isa = PBXFileReference; lastKnownFileType = image.jpeg; name = glass.jpg; path = assets/glass.jpg; sourceTree = "<group>"; };
		BE98BB061B133832009F1D9F /* HistogramScreenShot.jpg */ = {isa = PBXFileReference; lastKnownFileType = image.jpeg; name = HistogramScreenShot.jpg; path = assets/HistogramScreenShot.jpg; sourceTree = "<group>"; };
		BE98BB091B1C4FE0009F1D9F /* tram.jpg */ = {isa = PBXFileReference; lastKnownFileType = image.jpeg; name = tram.jpg; path = assets/tram.jpg; sourceTree = "<group>"; };
		BEF756A11B0E722D00B3B9B3 /* ShinpuruImage_CoreImage.swift */ = {isa = PBXFileReference; fileEncoding = 4; lastKnownFileType = sourcecode.swift; path = ShinpuruImage_CoreImage.swift; sourceTree = "<group>"; };
		BEF756A31B1019C400B3B9B3 /* oculista.jpg */ = {isa = PBXFileReference; lastKnownFileType = image.jpeg; name = oculista.jpg; path = assets/oculista.jpg; sourceTree = "<group>"; };
		BEF756A41B1019C400B3B9B3 /* vegas.jpg */ = {isa = PBXFileReference; lastKnownFileType = image.jpeg; name = vegas.jpg; path = assets/vegas.jpg; sourceTree = "<group>"; };
		BEF756B01B103D6400B3B9B3 /* SLControls.swift */ = {isa = PBXFileReference; fileEncoding = 4; lastKnownFileType = sourcecode.swift; path = SLControls.swift; sourceTree = "<group>"; };
		BEF756B11B103D6400B3B9B3 /* SLGroup.swift */ = {isa = PBXFileReference; fileEncoding = 4; lastKnownFileType = sourcecode.swift; path = SLGroup.swift; sourceTree = "<group>"; };
		BEF756B61B10849300B3B9B3 /* LabelledSlider.swift */ = {isa = PBXFileReference; fileEncoding = 4; lastKnownFileType = sourcecode.swift; path = LabelledSlider.swift; sourceTree = "<group>"; };
		BEF756B81B10854B00B3B9B3 /* RotateAndScale.swift */ = {isa = PBXFileReference; fileEncoding = 4; lastKnownFileType = sourcecode.swift; path = RotateAndScale.swift; sourceTree = "<group>"; };
		BEF756BA1B108F3300B3B9B3 /* ColorControls.swift */ = {isa = PBXFileReference; fileEncoding = 4; lastKnownFileType = sourcecode.swift; path = ColorControls.swift; sourceTree = "<group>"; };
		BEF756BC1B1093B200B3B9B3 /* shinpuruImageScreenShot.PNG */ = {isa = PBXFileReference; lastKnownFileType = image.png; path = shinpuruImageScreenShot.PNG; sourceTree = "<group>"; };
/* End PBXFileReference section */

/* Begin PBXFrameworksBuildPhase section */
		3EB16D061B0DAF860014A78D /* Frameworks */ = {
			isa = PBXFrameworksBuildPhase;
			buildActionMask = 2147483647;
			files = (
				BE98BAFD1B12142C009F1D9F /* Charts.framework in Frameworks */,
			);
			runOnlyForDeploymentPostprocessing = 0;
		};
		3EB16D1B1B0DAF860014A78D /* Frameworks */ = {
			isa = PBXFrameworksBuildPhase;
			buildActionMask = 2147483647;
			files = (
			);
			runOnlyForDeploymentPostprocessing = 0;
		};
/* End PBXFrameworksBuildPhase section */

/* Begin PBXGroup section */
		3EB16D001B0DAF860014A78D = {
			isa = PBXGroup;
			children = (
				BE98BAF71B12141E009F1D9F /* Charts.xcodeproj */,
				3EB16D0B1B0DAF860014A78D /* ShinpuruImage */,
				3EB16D211B0DAF860014A78D /* ShinpuruImageTests */,
				3EB16D0A1B0DAF860014A78D /* Products */,
			);
			sourceTree = "<group>";
		};
		3EB16D0A1B0DAF860014A78D /* Products */ = {
			isa = PBXGroup;
			children = (
				3EB16D091B0DAF860014A78D /* ShinpuruImage.app */,
				3EB16D1E1B0DAF860014A78D /* ShinpuruImageTests.xctest */,
			);
			name = Products;
			sourceTree = "<group>";
		};
		3EB16D0B1B0DAF860014A78D /* ShinpuruImage */ = {
			isa = PBXGroup;
			children = (
				BEF756B41B10844000B3B9B3 /* demoComponents */,
				BEF756AF1B103D0100B3B9B3 /* shinpuruLayout */,
				3EB16D311B0DAFD50014A78D /* assets */,
				3EB16D2E1B0DAF8C0014A78D /* shinpuruImage */,
				3EB16D0E1B0DAF860014A78D /* AppDelegate.swift */,
				3EB16D101B0DAF860014A78D /* ViewController.swift */,
				3EB16D121B0DAF860014A78D /* Main.storyboard */,
				3EB16D151B0DAF860014A78D /* Images.xcassets */,
				3EB16D171B0DAF860014A78D /* LaunchScreen.xib */,
				3EB16D0C1B0DAF860014A78D /* Supporting Files */,
			);
			path = ShinpuruImage;
			sourceTree = "<group>";
		};
		3EB16D0C1B0DAF860014A78D /* Supporting Files */ = {
			isa = PBXGroup;
			children = (
				3EB16D0D1B0DAF860014A78D /* Info.plist */,
			);
			name = "Supporting Files";
			sourceTree = "<group>";
		};
		3EB16D211B0DAF860014A78D /* ShinpuruImageTests */ = {
			isa = PBXGroup;
			children = (
				3EB16D241B0DAF860014A78D /* ShinpuruImageTests.swift */,
				3EB16D221B0DAF860014A78D /* Supporting Files */,
			);
			path = ShinpuruImageTests;
			sourceTree = "<group>";
		};
		3EB16D221B0DAF860014A78D /* Supporting Files */ = {
			isa = PBXGroup;
			children = (
				3EB16D231B0DAF860014A78D /* Info.plist */,
			);
			name = "Supporting Files";
			sourceTree = "<group>";
		};
		3EB16D2E1B0DAF8C0014A78D /* shinpuruImage */ = {
			isa = PBXGroup;
			children = (
				3EB16D2F1B0DAF9E0014A78D /* ShinpuruImage_vImage.swift */,
				BEF756A11B0E722D00B3B9B3 /* ShinpuruImage_CoreImage.swift */,
				3EB16D381B183E3E0014A78D /* ShinpuruImage_Chaining.swift */,
			);
			name = shinpuruImage;
			sourceTree = "<group>";
		};
		3EB16D311B0DAFD50014A78D /* assets */ = {
			isa = PBXGroup;
			children = (
				BE98BB091B1C4FE0009F1D9F /* tram.jpg */,
				BEF756BC1B1093B200B3B9B3 /* shinpuruImageScreenShot.PNG */,
				BE98BB061B133832009F1D9F /* HistogramScreenShot.jpg */,
				BEF756A31B1019C400B3B9B3 /* oculista.jpg */,
				BE98BB041B132D47009F1D9F /* glass.jpg */,
				BEF756A41B1019C400B3B9B3 /* vegas.jpg */,
				3EB16D321B0DB0010014A78D /* image.jpg */,
			);
			name = assets;
			sourceTree = "<group>";
		};
		BE98BAF81B12141E009F1D9F /* Products */ = {
			isa = PBXGroup;
			children = (
				BE98BAFC1B12141E009F1D9F /* Charts.framework */,
			);
			name = Products;
			sourceTree = "<group>";
		};
		BEF756AF1B103D0100B3B9B3 /* shinpuruLayout */ = {
			isa = PBXGroup;
			children = (
				BEF756B01B103D6400B3B9B3 /* SLControls.swift */,
				BEF756B11B103D6400B3B9B3 /* SLGroup.swift */,
			);
			name = shinpuruLayout;
			sourceTree = "<group>";
		};
		BEF756B41B10844000B3B9B3 /* demoComponents */ = {
			isa = PBXGroup;
			children = (
				BEF756B51B10847300B3B9B3 /* widgets */,
				BEF756B81B10854B00B3B9B3 /* RotateAndScale.swift */,
				BE98BB021B132BBF009F1D9F /* Histogram.swift */,
				BEF756BA1B108F3300B3B9B3 /* ColorControls.swift */,
			);
			name = demoComponents;
			sourceTree = "<group>";
		};
		BEF756B51B10847300B3B9B3 /* widgets */ = {
			isa = PBXGroup;
			children = (
				BEF756B61B10849300B3B9B3 /* LabelledSlider.swift */,
			);
			name = widgets;
			sourceTree = "<group>";
		};
/* End PBXGroup section */

/* Begin PBXNativeTarget section */
		3EB16D081B0DAF860014A78D /* ShinpuruImage */ = {
			isa = PBXNativeTarget;
			buildConfigurationList = 3EB16D281B0DAF860014A78D /* Build configuration list for PBXNativeTarget "ShinpuruImage" */;
			buildPhases = (
				3EB16D051B0DAF860014A78D /* Sources */,
				3EB16D061B0DAF860014A78D /* Frameworks */,
				3EB16D071B0DAF860014A78D /* Resources */,
				BE98BAF61B11EE63009F1D9F /* Embed Frameworks */,
			);
			buildRules = (
			);
			dependencies = (
				BE98BB001B12142C009F1D9F /* PBXTargetDependency */,
			);
			name = ShinpuruImage;
			productName = ShinpuruImage;
			productReference = 3EB16D091B0DAF860014A78D /* ShinpuruImage.app */;
			productType = "com.apple.product-type.application";
		};
		3EB16D1D1B0DAF860014A78D /* ShinpuruImageTests */ = {
			isa = PBXNativeTarget;
			buildConfigurationList = 3EB16D2B1B0DAF860014A78D /* Build configuration list for PBXNativeTarget "ShinpuruImageTests" */;
			buildPhases = (
				3EB16D1A1B0DAF860014A78D /* Sources */,
				3EB16D1B1B0DAF860014A78D /* Frameworks */,
				3EB16D1C1B0DAF860014A78D /* Resources */,
			);
			buildRules = (
			);
			dependencies = (
				3EB16D201B0DAF860014A78D /* PBXTargetDependency */,
			);
			name = ShinpuruImageTests;
			productName = ShinpuruImageTests;
			productReference = 3EB16D1E1B0DAF860014A78D /* ShinpuruImageTests.xctest */;
			productType = "com.apple.product-type.bundle.unit-test";
		};
/* End PBXNativeTarget section */

/* Begin PBXProject section */
		3EB16D011B0DAF860014A78D /* Project object */ = {
			isa = PBXProject;
			attributes = {
				LastSwiftUpdateCheck = 0710;
				LastUpgradeCheck = 0710;
				ORGANIZATIONNAME = "Simon Gladman";
				TargetAttributes = {
					3EB16D081B0DAF860014A78D = {
						CreatedOnToolsVersion = 6.3.2;
					};
					3EB16D1D1B0DAF860014A78D = {
						CreatedOnToolsVersion = 6.3.2;
						TestTargetID = 3EB16D081B0DAF860014A78D;
					};
				};
			};
			buildConfigurationList = 3EB16D041B0DAF860014A78D /* Build configuration list for PBXProject "ShinpuruImage" */;
			compatibilityVersion = "Xcode 3.2";
			developmentRegion = English;
			hasScannedForEncodings = 0;
			knownRegions = (
				en,
				Base,
			);
			mainGroup = 3EB16D001B0DAF860014A78D;
			productRefGroup = 3EB16D0A1B0DAF860014A78D /* Products */;
			projectDirPath = "";
			projectReferences = (
				{
					ProductGroup = BE98BAF81B12141E009F1D9F /* Products */;
					ProjectRef = BE98BAF71B12141E009F1D9F /* Charts.xcodeproj */;
				},
			);
			projectRoot = "";
			targets = (
				3EB16D081B0DAF860014A78D /* ShinpuruImage */,
				3EB16D1D1B0DAF860014A78D /* ShinpuruImageTests */,
			);
		};
/* End PBXProject section */

/* Begin PBXReferenceProxy section */
		BE98BAFC1B12141E009F1D9F /* Charts.framework */ = {
			isa = PBXReferenceProxy;
			fileType = wrapper.framework;
			path = Charts.framework;
			remoteRef = BE98BAFB1B12141E009F1D9F /* PBXContainerItemProxy */;
			sourceTree = BUILT_PRODUCTS_DIR;
		};
/* End PBXReferenceProxy section */

/* Begin PBXResourcesBuildPhase section */
		3EB16D071B0DAF860014A78D /* Resources */ = {
			isa = PBXResourcesBuildPhase;
			buildActionMask = 2147483647;
			files = (
				3EB16D331B0DB0010014A78D /* image.jpg in Resources */,
				BE98BB0A1B1C4FE0009F1D9F /* tram.jpg in Resources */,
				BEF756BD1B1093B200B3B9B3 /* shinpuruImageScreenShot.PNG in Resources */,
				BE98BB051B132D47009F1D9F /* glass.jpg in Resources */,
				3EB16D141B0DAF860014A78D /* Main.storyboard in Resources */,
				BEF756A51B1019C400B3B9B3 /* oculista.jpg in Resources */,
				3EB16D191B0DAF860014A78D /* LaunchScreen.xib in Resources */,
				BEF756A61B1019C400B3B9B3 /* vegas.jpg in Resources */,
				BE98BB071B133832009F1D9F /* HistogramScreenShot.jpg in Resources */,
				3EB16D161B0DAF860014A78D /* Images.xcassets in Resources */,
			);
			runOnlyForDeploymentPostprocessing = 0;
		};
		3EB16D1C1B0DAF860014A78D /* Resources */ = {
			isa = PBXResourcesBuildPhase;
			buildActionMask = 2147483647;
			files = (
				BEF756AB1B102A0B00B3B9B3 /* oculista.jpg in Resources */,
				BEF756AE1B10306B00B3B9B3 /* image.jpg in Resources */,
			);
			runOnlyForDeploymentPostprocessing = 0;
		};
/* End PBXResourcesBuildPhase section */

/* Begin PBXSourcesBuildPhase section */
		3EB16D051B0DAF860014A78D /* Sources */ = {
			isa = PBXSourcesBuildPhase;
			buildActionMask = 2147483647;
			files = (
				3EB16D301B0DAF9E0014A78D /* ShinpuruImage_vImage.swift in Sources */,
				BEF756B91B10854B00B3B9B3 /* RotateAndScale.swift in Sources */,
				BEF756B21B103D6400B3B9B3 /* SLControls.swift in Sources */,
				BEF756B71B10849300B3B9B3 /* LabelledSlider.swift in Sources */,
				BEF756B31B103D6400B3B9B3 /* SLGroup.swift in Sources */,
				BEF756A21B0E722D00B3B9B3 /* ShinpuruImage_CoreImage.swift in Sources */,
				3EB16D391B183E3E0014A78D /* ShinpuruImage_Chaining.swift in Sources */,
				BE98BB031B132BBF009F1D9F /* Histogram.swift in Sources */,
				3EB16D111B0DAF860014A78D /* ViewController.swift in Sources */,
				BEF756BB1B108F3300B3B9B3 /* ColorControls.swift in Sources */,
				3EB16D0F1B0DAF860014A78D /* AppDelegate.swift in Sources */,
			);
			runOnlyForDeploymentPostprocessing = 0;
		};
		3EB16D1A1B0DAF860014A78D /* Sources */ = {
			isa = PBXSourcesBuildPhase;
			buildActionMask = 2147483647;
			files = (
				3EB16D3A1B183F230014A78D /* ShinpuruImage_Chaining.swift in Sources */,
				BEF756AD1B102A8A00B3B9B3 /* ShinpuruImage_CoreImage.swift in Sources */,
				BEF756AC1B102A2200B3B9B3 /* ShinpuruImage_vImage.swift in Sources */,
				3EB16D251B0DAF860014A78D /* ShinpuruImageTests.swift in Sources */,
			);
			runOnlyForDeploymentPostprocessing = 0;
		};
/* End PBXSourcesBuildPhase section */

/* Begin PBXTargetDependency section */
		3EB16D201B0DAF860014A78D /* PBXTargetDependency */ = {
			isa = PBXTargetDependency;
			target = 3EB16D081B0DAF860014A78D /* ShinpuruImage */;
			targetProxy = 3EB16D1F1B0DAF860014A78D /* PBXContainerItemProxy */;
		};
		BE98BB001B12142C009F1D9F /* PBXTargetDependency */ = {
			isa = PBXTargetDependency;
			name = Charts;
			targetProxy = BE98BAFF1B12142C009F1D9F /* PBXContainerItemProxy */;
		};
/* End PBXTargetDependency section */

/* Begin PBXVariantGroup section */
		3EB16D121B0DAF860014A78D /* Main.storyboard */ = {
			isa = PBXVariantGroup;
			children = (
				3EB16D131B0DAF860014A78D /* Base */,
			);
			name = Main.storyboard;
			sourceTree = "<group>";
		};
		3EB16D171B0DAF860014A78D /* LaunchScreen.xib */ = {
			isa = PBXVariantGroup;
			children = (
				3EB16D181B0DAF860014A78D /* Base */,
			);
			name = LaunchScreen.xib;
			sourceTree = "<group>";
		};
/* End PBXVariantGroup section */

/* Begin XCBuildConfiguration section */
		3EB16D261B0DAF860014A78D /* Debug */ = {
			isa = XCBuildConfiguration;
			buildSettings = {
				ALWAYS_SEARCH_USER_PATHS = NO;
				CLANG_CXX_LANGUAGE_STANDARD = "gnu++0x";
				CLANG_CXX_LIBRARY = "libc++";
				CLANG_ENABLE_MODULES = YES;
				CLANG_ENABLE_OBJC_ARC = YES;
				CLANG_WARN_BOOL_CONVERSION = YES;
				CLANG_WARN_CONSTANT_CONVERSION = YES;
				CLANG_WARN_DIRECT_OBJC_ISA_USAGE = YES_ERROR;
				CLANG_WARN_EMPTY_BODY = YES;
				CLANG_WARN_ENUM_CONVERSION = YES;
				CLANG_WARN_INT_CONVERSION = YES;
				CLANG_WARN_OBJC_ROOT_CLASS = YES_ERROR;
				CLANG_WARN_UNREACHABLE_CODE = YES;
				CLANG_WARN__DUPLICATE_METHOD_MATCH = YES;
				"CODE_SIGN_IDENTITY[sdk=iphoneos*]" = "iPhone Developer";
				COPY_PHASE_STRIP = NO;
				DEBUG_INFORMATION_FORMAT = "dwarf-with-dsym";
				ENABLE_STRICT_OBJC_MSGSEND = YES;
				ENABLE_TESTABILITY = YES;
				GCC_C_LANGUAGE_STANDARD = gnu99;
				GCC_DYNAMIC_NO_PIC = NO;
				GCC_NO_COMMON_BLOCKS = YES;
				GCC_OPTIMIZATION_LEVEL = 0;
				GCC_PREPROCESSOR_DEFINITIONS = (
					"DEBUG=1",
					"$(inherited)",
				);
				GCC_SYMBOLS_PRIVATE_EXTERN = NO;
				GCC_WARN_64_TO_32_BIT_CONVERSION = YES;
				GCC_WARN_ABOUT_RETURN_TYPE = YES_ERROR;
				GCC_WARN_UNDECLARED_SELECTOR = YES;
				GCC_WARN_UNINITIALIZED_AUTOS = YES_AGGRESSIVE;
				GCC_WARN_UNUSED_FUNCTION = YES;
				GCC_WARN_UNUSED_VARIABLE = YES;
				IPHONEOS_DEPLOYMENT_TARGET = 8.3;
				MTL_ENABLE_DEBUG_INFO = YES;
				ONLY_ACTIVE_ARCH = YES;
				SDKROOT = iphoneos;
				SWIFT_OPTIMIZATION_LEVEL = "-Onone";
				TARGETED_DEVICE_FAMILY = 2;
			};
			name = Debug;
		};
		3EB16D271B0DAF860014A78D /* Release */ = {
			isa = XCBuildConfiguration;
			buildSettings = {
				ALWAYS_SEARCH_USER_PATHS = NO;
				CLANG_CXX_LANGUAGE_STANDARD = "gnu++0x";
				CLANG_CXX_LIBRARY = "libc++";
				CLANG_ENABLE_MODULES = YES;
				CLANG_ENABLE_OBJC_ARC = YES;
				CLANG_WARN_BOOL_CONVERSION = YES;
				CLANG_WARN_CONSTANT_CONVERSION = YES;
				CLANG_WARN_DIRECT_OBJC_ISA_USAGE = YES_ERROR;
				CLANG_WARN_EMPTY_BODY = YES;
				CLANG_WARN_ENUM_CONVERSION = YES;
				CLANG_WARN_INT_CONVERSION = YES;
				CLANG_WARN_OBJC_ROOT_CLASS = YES_ERROR;
				CLANG_WARN_UNREACHABLE_CODE = YES;
				CLANG_WARN__DUPLICATE_METHOD_MATCH = YES;
				"CODE_SIGN_IDENTITY[sdk=iphoneos*]" = "iPhone Developer";
				COPY_PHASE_STRIP = NO;
				DEBUG_INFORMATION_FORMAT = "dwarf-with-dsym";
				ENABLE_NS_ASSERTIONS = NO;
				ENABLE_STRICT_OBJC_MSGSEND = YES;
				GCC_C_LANGUAGE_STANDARD = gnu99;
				GCC_NO_COMMON_BLOCKS = YES;
				GCC_WARN_64_TO_32_BIT_CONVERSION = YES;
				GCC_WARN_ABOUT_RETURN_TYPE = YES_ERROR;
				GCC_WARN_UNDECLARED_SELECTOR = YES;
				GCC_WARN_UNINITIALIZED_AUTOS = YES_AGGRESSIVE;
				GCC_WARN_UNUSED_FUNCTION = YES;
				GCC_WARN_UNUSED_VARIABLE = YES;
				IPHONEOS_DEPLOYMENT_TARGET = 8.3;
				MTL_ENABLE_DEBUG_INFO = NO;
				SDKROOT = iphoneos;
				TARGETED_DEVICE_FAMILY = 2;
				VALIDATE_PRODUCT = YES;
			};
			name = Release;
		};
		3EB16D291B0DAF860014A78D /* Debug */ = {
			isa = XCBuildConfiguration;
			buildSettings = {
				ASSETCATALOG_COMPILER_APPICON_NAME = AppIcon;
				INFOPLIST_FILE = ShinpuruImage/Info.plist;
				LD_RUNPATH_SEARCH_PATHS = "$(inherited) @executable_path/Frameworks";
				PRODUCT_BUNDLE_IDENTIFIER = "uk.co.flexmonkey.$(PRODUCT_NAME:rfc1034identifier)";
				PRODUCT_NAME = "$(TARGET_NAME)";
				TARGETED_DEVICE_FAMILY = "1,2";
			};
			name = Debug;
		};
		3EB16D2A1B0DAF860014A78D /* Release */ = {
			isa = XCBuildConfiguration;
			buildSettings = {
				ASSETCATALOG_COMPILER_APPICON_NAME = AppIcon;
				INFOPLIST_FILE = ShinpuruImage/Info.plist;
				LD_RUNPATH_SEARCH_PATHS = "$(inherited) @executable_path/Frameworks";
				PRODUCT_BUNDLE_IDENTIFIER = "uk.co.flexmonkey.$(PRODUCT_NAME:rfc1034identifier)";
				PRODUCT_NAME = "$(TARGET_NAME)";
				TARGETED_DEVICE_FAMILY = "1,2";
			};
			name = Release;
		};
		3EB16D2C1B0DAF860014A78D /* Debug */ = {
			isa = XCBuildConfiguration;
			buildSettings = {
				BUNDLE_LOADER = "$(TEST_HOST)";
				FRAMEWORK_SEARCH_PATHS = (
					"$(SDKROOT)/Developer/Library/Frameworks",
					"$(inherited)",
				);
				GCC_PREPROCESSOR_DEFINITIONS = (
					"DEBUG=1",
					"$(inherited)",
				);
				INFOPLIST_FILE = ShinpuruImageTests/Info.plist;
				LD_RUNPATH_SEARCH_PATHS = "$(inherited) @executable_path/Frameworks @loader_path/Frameworks";
				PRODUCT_BUNDLE_IDENTIFIER = "uk.co.flexmonkey.$(PRODUCT_NAME:rfc1034identifier)";
				PRODUCT_NAME = "$(TARGET_NAME)";
				TEST_HOST = "$(BUILT_PRODUCTS_DIR)/ShinpuruImage.app/ShinpuruImage";
			};
			name = Debug;
		};
		3EB16D2D1B0DAF860014A78D /* Release */ = {
			isa = XCBuildConfiguration;
			buildSettings = {
				BUNDLE_LOADER = "$(TEST_HOST)";
				FRAMEWORK_SEARCH_PATHS = (
					"$(SDKROOT)/Developer/Library/Frameworks",
					"$(inherited)",
				);
				INFOPLIST_FILE = ShinpuruImageTests/Info.plist;
				LD_RUNPATH_SEARCH_PATHS = "$(inherited) @executable_path/Frameworks @loader_path/Frameworks";
				PRODUCT_BUNDLE_IDENTIFIER = "uk.co.flexmonkey.$(PRODUCT_NAME:rfc1034identifier)";
				PRODUCT_NAME = "$(TARGET_NAME)";
				TEST_HOST = "$(BUILT_PRODUCTS_DIR)/ShinpuruImage.app/ShinpuruImage";
			};
			name = Release;
		};
/* End XCBuildConfiguration section */

/* Begin XCConfigurationList section */
		3EB16D041B0DAF860014A78D /* Build configuration list for PBXProject "ShinpuruImage" */ = {
			isa = XCConfigurationList;
			buildConfigurations = (
				3EB16D261B0DAF860014A78D /* Debug */,
				3EB16D271B0DAF860014A78D /* Release */,
			);
			defaultConfigurationIsVisible = 0;
			defaultConfigurationName = Release;
		};
		3EB16D281B0DAF860014A78D /* Build configuration list for PBXNativeTarget "ShinpuruImage" */ = {
			isa = XCConfigurationList;
			buildConfigurations = (
				3EB16D291B0DAF860014A78D /* Debug */,
				3EB16D2A1B0DAF860014A78D /* Release */,
			);
			defaultConfigurationIsVisible = 0;
			defaultConfigurationName = Release;
		};
		3EB16D2B1B0DAF860014A78D /* Build configuration list for PBXNativeTarget "ShinpuruImageTests" */ = {
			isa = XCConfigurationList;
			buildConfigurations = (
				3EB16D2C1B0DAF860014A78D /* Debug */,
				3EB16D2D1B0DAF860014A78D /* Release */,
			);
			defaultConfigurationIsVisible = 0;
			defaultConfigurationName = Release;
		};
/* End XCConfigurationList section */
	};
	rootObject = 3EB16D011B0DAF860014A78D /* Project object */;
}
